
Microsoft Visual Studio Solution File, Format Version 12.00
# Visual Studio Version 17
VisualStudioVersion = 17.10.35013.160
MinimumVisualStudioVersion = 10.0.40219.1
Project("{FAE04EC0-301F-11D3-BF4B-00C04F79EFBC}") = "ServerManagement", "ServerManagement\ServerManagement.csproj", "{E06AB2FC-8F5E-42E6-B961-F1C9D65BFA5F}"
EndProject
Global
	GlobalSection(SolutionConfigurationPlatforms) = preSolution
		Debug|Any CPU = Debug|Any CPU
		Release|Any CPU = Release|Any CPU
	EndGlobalSection
	GlobalSection(ProjectConfigurationPlatforms) = postSolution
		{E06AB2FC-8F5E-42E6-B961-F1C9D65BFA5F}.Debug|Any CPU.ActiveCfg = Debug|Any CPU
		{E06AB2FC-8F5E-42E6-B961-F1C9D65BFA5F}.Debug|Any CPU.Build.0 = Debug|Any CPU
		{E06AB2FC-8F5E-42E6-B961-F1C9D65BFA5F}.Release|Any CPU.ActiveCfg = Release|Any CPU
		{E06AB2FC-8F5E-42E6-B961-F1C9D65BFA5F}.Release|Any CPU.Build.0 = Release|Any CPU
	EndGlobalSection
	GlobalSection(SolutionProperties) = preSolution
		HideSolutionNode = FALSE
	EndGlobalSection
	GlobalSection(ExtensibilityGlobals) = postSolution
		SolutionGuid = {BE908976-6029-4941-B154-0776B5736FCE}
	EndGlobalSection
EndGlobal
